
Microsoft Visual Studio Solution File, Format Version 12.00
# Visual Studio Version 16
VisualStudioVersion = 16.0.31605.320
MinimumVisualStudioVersion = 10.0.40219.1
Project("{2150E333-8FDC-42A3-9474-1A3956D46DE8}") = "Api", "Api", "{D4B70294-B798-46BA-86FA-621853AC025D}"
EndProject
Project("{9A19103F-16F7-4668-BE54-9A1E7A4F7556}") = "ZooBook.Api", "ZooBook.Api\ZooBook.Api.csproj", "{6A531B06-065A-4F2D-B563-B9F343BDC9E8}"
EndProject
Project("{2150E333-8FDC-42A3-9474-1A3956D46DE8}") = "Domain", "Domain", "{994FAD0E-CC5E-4A59-A00F-5BBB35C571AE}"
EndProject
Project("{9A19103F-16F7-4668-BE54-9A1E7A4F7556}") = "ZooBook.Domain", "ZooBook.Domain\ZooBook.Domain.csproj", "{1D85BC8F-4C0D-45AC-B117-8629113B6215}"
EndProject
Project("{2150E333-8FDC-42A3-9474-1A3956D46DE8}") = "Shared", "Shared", "{A49F174D-AF96-4049-9F40-39B85A2929A4}"
EndProject
Project("{9A19103F-16F7-4668-BE54-9A1E7A4F7556}") = "ZooBook.Shared", "ZooBook.Shared\ZooBook.Shared.csproj", "{8DFD8955-7B9A-44A5-BD58-43971301C4C0}"
EndProject
Project("{2150E333-8FDC-42A3-9474-1A3956D46DE8}") = "Data", "Data", "{3CAEF5A8-F8EC-49F2-8E0E-926852E1A289}"
EndProject
Project("{9A19103F-16F7-4668-BE54-9A1E7A4F7556}") = "ZooBook.Data", "ZooBook.Data\ZooBook.Data.csproj", "{5E304372-3FFB-4470-B33E-17AD20B16F2C}"
EndProject
Project("{2150E333-8FDC-42A3-9474-1A3956D46DE8}") = "Core", "Core", "{3AADAB16-38A1-4A5C-A657-A0E1E6A9CC39}"
EndProject
Project("{FAE04EC0-301F-11D3-BF4B-00C04F79EFBC}") = "ZooBook.Core", "ZooBook.Core\ZooBook.Core.csproj", "{2B2F9A74-3968-42C3-BDCA-0C56D403BFE8}"
EndProject
Project("{2150E333-8FDC-42A3-9474-1A3956D46DE8}") = "Application", "Application", "{C4725DF5-D1E9-424D-8D80-4A4A5FFE5666}"
EndProject
Project("{FAE04EC0-301F-11D3-BF4B-00C04F79EFBC}") = "ZooBook.Application", "ZooBook.Application\ZooBook.Application.csproj", "{767C375D-317E-44E8-B39D-A5C8480F2614}"
EndProject
Global
	GlobalSection(SolutionConfigurationPlatforms) = preSolution
		Debug|Any CPU = Debug|Any CPU
		Release|Any CPU = Release|Any CPU
	EndGlobalSection
	GlobalSection(ProjectConfigurationPlatforms) = postSolution
		{6A531B06-065A-4F2D-B563-B9F343BDC9E8}.Debug|Any CPU.ActiveCfg = Debug|Any CPU
		{6A531B06-065A-4F2D-B563-B9F343BDC9E8}.Debug|Any CPU.Build.0 = Debug|Any CPU
		{6A531B06-065A-4F2D-B563-B9F343BDC9E8}.Release|Any CPU.ActiveCfg = Release|Any CPU
		{6A531B06-065A-4F2D-B563-B9F343BDC9E8}.Release|Any CPU.Build.0 = Release|Any CPU
		{1D85BC8F-4C0D-45AC-B117-8629113B6215}.Debug|Any CPU.ActiveCfg = Debug|Any CPU
		{1D85BC8F-4C0D-45AC-B117-8629113B6215}.Debug|Any CPU.Build.0 = Debug|Any CPU
		{1D85BC8F-4C0D-45AC-B117-8629113B6215}.Release|Any CPU.ActiveCfg = Release|Any CPU
		{1D85BC8F-4C0D-45AC-B117-8629113B6215}.Release|Any CPU.Build.0 = Release|Any CPU
		{8DFD8955-7B9A-44A5-BD58-43971301C4C0}.Debug|Any CPU.ActiveCfg = Debug|Any CPU
		{8DFD8955-7B9A-44A5-BD58-43971301C4C0}.Debug|Any CPU.Build.0 = Debug|Any CPU
		{8DFD8955-7B9A-44A5-BD58-43971301C4C0}.Release|Any CPU.ActiveCfg = Release|Any CPU
		{8DFD8955-7B9A-44A5-BD58-43971301C4C0}.Release|Any CPU.Build.0 = Release|Any CPU
		{5E304372-3FFB-4470-B33E-17AD20B16F2C}.Debug|Any CPU.ActiveCfg = Debug|Any CPU
		{5E304372-3FFB-4470-B33E-17AD20B16F2C}.Debug|Any CPU.Build.0 = Debug|Any CPU
		{5E304372-3FFB-4470-B33E-17AD20B16F2C}.Release|Any CPU.ActiveCfg = Release|Any CPU
		{5E304372-3FFB-4470-B33E-17AD20B16F2C}.Release|Any CPU.Build.0 = Release|Any CPU
		{2B2F9A74-3968-42C3-BDCA-0C56D403BFE8}.Debug|Any CPU.ActiveCfg = Debug|Any CPU
		{2B2F9A74-3968-42C3-BDCA-0C56D403BFE8}.Debug|Any CPU.Build.0 = Debug|Any CPU
		{2B2F9A74-3968-42C3-BDCA-0C56D403BFE8}.Release|Any CPU.ActiveCfg = Release|Any CPU
		{2B2F9A74-3968-42C3-BDCA-0C56D403BFE8}.Release|Any CPU.Build.0 = Release|Any CPU
		{767C375D-317E-44E8-B39D-A5C8480F2614}.Debug|Any CPU.ActiveCfg = Debug|Any CPU
		{767C375D-317E-44E8-B39D-A5C8480F2614}.Debug|Any CPU.Build.0 = Debug|Any CPU
		{767C375D-317E-44E8-B39D-A5C8480F2614}.Release|Any CPU.ActiveCfg = Release|Any CPU
		{767C375D-317E-44E8-B39D-A5C8480F2614}.Release|Any CPU.Build.0 = Release|Any CPU
	EndGlobalSection
	GlobalSection(SolutionProperties) = preSolution
		HideSolutionNode = FALSE
	EndGlobalSection
	GlobalSection(NestedProjects) = preSolution
		{6A531B06-065A-4F2D-B563-B9F343BDC9E8} = {D4B70294-B798-46BA-86FA-621853AC025D}
		{1D85BC8F-4C0D-45AC-B117-8629113B6215} = {994FAD0E-CC5E-4A59-A00F-5BBB35C571AE}
		{8DFD8955-7B9A-44A5-BD58-43971301C4C0} = {A49F174D-AF96-4049-9F40-39B85A2929A4}
		{5E304372-3FFB-4470-B33E-17AD20B16F2C} = {3CAEF5A8-F8EC-49F2-8E0E-926852E1A289}
		{2B2F9A74-3968-42C3-BDCA-0C56D403BFE8} = {3AADAB16-38A1-4A5C-A657-A0E1E6A9CC39}
		{767C375D-317E-44E8-B39D-A5C8480F2614} = {C4725DF5-D1E9-424D-8D80-4A4A5FFE5666}
	EndGlobalSection
	GlobalSection(ExtensibilityGlobals) = postSolution
		SolutionGuid = {FE286EE1-071A-4763-A1A8-E893F7F36735}
	EndGlobalSection
EndGlobal
